github.com/mattn/go-pointer v0.0.1 h1:n+XhsuGeVO6MEAp7xyEukFINEa+Quek5psIR/ylA6o0=
github.com/mattn/go-pointer v0.0.1/go.mod h1:2zXcozF6qYGgmsG+SeTZz3oAbFLdD3OWqnUbNvJZAlc=
github.com/mattn/go-tflite v1.0.4 h1:wpfNKjMr3IJz4xI+oUeHE70RU6Q5dZc0FK/X8vCWLAo=
github.com/mattn/go-tflite v1.0.4/go.mod h1:j7bVlVHgKURK0p7AQOw3OqlGE2SVXqck7JsJo4wI+bc=
